
Microsoft Visual Studio Solution File, Format Version 12.00
# Visual Studio Version 16
VisualStudioVersion = 16.0.31702.278
MinimumVisualStudioVersion = 10.0.40219.1
Project("{FAE04EC0-301F-11D3-BF4B-00C04F79EFBC}") = "async_server_app", "async_server_app\async_server_app.csproj", "{FB3C94D7-AE24-493C-86A3-2B862A185C69}"
EndProject
Global
	GlobalSection(SolutionConfigurationPlatforms) = preSolution
		Debug|Any CPU = Debug|Any CPU
		Release|Any CPU = Release|Any CPU
	EndGlobalSection
	GlobalSection(ProjectConfigurationPlatforms) = postSolution
		{FB3C94D7-AE24-493C-86A3-2B862A185C69}.Debug|Any CPU.ActiveCfg = Debug|Any CPU
		{FB3C94D7-AE24-493C-86A3-2B862A185C69}.Debug|Any CPU.Build.0 = Debug|Any CPU
		{FB3C94D7-AE24-493C-86A3-2B862A185C69}.Release|Any CPU.ActiveCfg = Release|Any CPU
		{FB3C94D7-AE24-493C-86A3-2B862A185C69}.Release|Any CPU.Build.0 = Release|Any CPU
	EndGlobalSection
	GlobalSection(SolutionProperties) = preSolution
		HideSolutionNode = FALSE
	EndGlobalSection
	GlobalSection(ExtensibilityGlobals) = postSolution
		SolutionGuid = {1401B31C-B6E1-4A27-8DD8-42D7E7B38B29}
	EndGlobalSection
EndGlobal
